{
  "name": "cordova-plugin-chrome-apps-sockets-tcpserver",
  "version": "1.2.5-dev",
  "lockfileVersion": 1,
  "requires": true,
  "dependencies": {
    "cordova-plugin-chrome-apps-sockets-tcp": {
      "version": "git+https://github.com/VIAVI-Solutions/cordova-plugin-chrome-apps-sockets-tcp.git#44f429292aca62dfbbae7fe2ad44dc723da6deb9",
      "from": "git+https://github.com/VIAVI-Solutions/cordova-plugin-chrome-apps-sockets-tcp.git"
    }
  }
}
